// !$*UTF8*$!
{
	archiveVersion = 1;
	classes = {
	};
	objectVersion = 77;
	objects = {

/* Begin PBXBuildFile section */
		C00000000000000000000001 /* QuotaGlanceApp.swift in Sources */ = {isa = PBXBuildFile; fileRef = B00000000000000000000001 /* QuotaGlanceApp.swift */; };
		C00000000000000000000002 /* AppEnvironment.swift in Sources */ = {isa = PBXBuildFile; fileRef = B00000000000000000000002 /* AppEnvironment.swift */; };
		C00000000000000000000003 /* DashboardStore.swift in Sources */ = {isa = PBXBuildFile; fileRef = B00000000000000000000003 /* DashboardStore.swift */; };
		C00000000000000000000004 /* DashboardView.swift in Sources */ = {isa = PBXBuildFile; fileRef = B00000000000000000000004 /* DashboardView.swift */; };
		C00000000000000000000005 /* UsageCard.swift in Sources */ = {isa = PBXBuildFile; fileRef = B00000000000000000000005 /* UsageCard.swift */; };
		C00000000000000000000006 /* SettingsView.swift in Sources */ = {isa = PBXBuildFile; fileRef = B00000000000000000000006 /* SettingsView.swift */; };
		C00000000000000000000007 /* PreviewFactory.swift in Sources */ = {isa = PBXBuildFile; fileRef = B00000000000000000000007 /* PreviewFactory.swift */; };
		C00000000000000000000008 /* OAuthCredential.swift in Sources */ = {isa = PBXBuildFile; fileRef = B00000000000000000000008 /* OAuthCredential.swift */; };
		C00000000000000000000009 /* KeychainCredentialStore.swift in Sources */ = {isa = PBXBuildFile; fileRef = B00000000000000000000009 /* KeychainCredentialStore.swift */; };
		C0000000000000000000000A /* OAuthPKCE.swift in Sources */ = {isa = PBXBuildFile; fileRef = B0000000000000000000000A /* OAuthPKCE.swift */; };
		C0000000000000000000000B /* FormURLEncoder.swift in Sources */ = {isa = PBXBuildFile; fileRef = B0000000000000000000000B /* FormURLEncoder.swift */; };
		C0000000000000000000000C /* LoopbackOAuthSession.swift in Sources */ = {isa = PBXBuildFile; fileRef = B0000000000000000000000C /* LoopbackOAuthSession.swift */; };
		C0000000000000000000000D /* CodexUsageProvider.swift in Sources */ = {isa = PBXBuildFile; fileRef = B0000000000000000000000D /* CodexUsageProvider.swift */; };
		C0000000000000000000000E /* ClaudeUsageProvider.swift in Sources */ = {isa = PBXBuildFile; fileRef = B0000000000000000000000E /* ClaudeUsageProvider.swift */; };
		C0000000000000000000000F /* AppGroupSnapshotCache.swift in Sources */ = {isa = PBXBuildFile; fileRef = B0000000000000000000000F /* AppGroupSnapshotCache.swift */; };
		C00000000000000000000026 /* PurchaseManager.swift in Sources */ = {isa = PBXBuildFile; fileRef = B0000000000000000000002B /* PurchaseManager.swift */; };
		C00000000000000000000027 /* UpgradeView.swift in Sources */ = {isa = PBXBuildFile; fileRef = B0000000000000000000002C /* UpgradeView.swift */; };
		C00000000000000000000028 /* RestoreOperation.swift in Sources */ = {isa = PBXBuildFile; fileRef = B0000000000000000000002D /* RestoreOperation.swift */; };
		C00000000000000000000025 /* AppLocalization.swift in Sources */ = {isa = PBXBuildFile; fileRef = B0000000000000000000002A /* AppLocalization.swift */; };
		C00000000000000000000010 /* PhoneWatchSync.swift in Sources */ = {isa = PBXBuildFile; fileRef = B00000000000000000000010 /* PhoneWatchSync.swift */; };
		C00000000000000000000058 /* BackgroundRefreshScheduler.swift in Sources */ = {isa = PBXBuildFile; fileRef = B00000000000000000000032 /* BackgroundRefreshScheduler.swift */; };
		C00000000000000000000059 /* AppReviewDemoView.swift in Sources */ = {isa = PBXBuildFile; fileRef = B00000000000000000000033 /* AppReviewDemoView.swift */; };
		C00000000000000000000011 /* PrivacyInfo.xcprivacy in Resources */ = {isa = PBXBuildFile; fileRef = B00000000000000000000013 /* PrivacyInfo.xcprivacy */; };
		C00000000000000000000012 /* QuotaGlanceWatchApp.swift in Sources */ = {isa = PBXBuildFile; fileRef = B00000000000000000000014 /* QuotaGlanceWatchApp.swift */; };
		C00000000000000000000013 /* WatchDashboardStore.swift in Sources */ = {isa = PBXBuildFile; fileRef = B00000000000000000000015 /* WatchDashboardStore.swift */; };
		C00000000000000000000014 /* WatchDashboardView.swift in Sources */ = {isa = PBXBuildFile; fileRef = B00000000000000000000016 /* WatchDashboardView.swift */; };
		C00000000000000000000015 /* WatchSnapshotStore.swift in Sources */ = {isa = PBXBuildFile; fileRef = B00000000000000000000017 /* WatchSnapshotStore.swift */; };
		C00000000000000000000016 /* WatchConnectivityReceiver.swift in Sources */ = {isa = PBXBuildFile; fileRef = B00000000000000000000018 /* WatchConnectivityReceiver.swift */; };
		C00000000000000000000017 /* PrivacyInfo.xcprivacy in Resources */ = {isa = PBXBuildFile; fileRef = B0000000000000000000001B /* PrivacyInfo.xcprivacy */; };
		C00000000000000000000018 /* QuotaGlanceWidgetBundle.swift in Sources */ = {isa = PBXBuildFile; fileRef = B0000000000000000000001C /* QuotaGlanceWidgetBundle.swift */; };
		C00000000000000000000019 /* QuotaGlanceWidget.swift in Sources */ = {isa = PBXBuildFile; fileRef = B0000000000000000000001D /* QuotaGlanceWidget.swift */; };
		C0000000000000000000001A /* PrivacyInfo.xcprivacy in Resources */ = {isa = PBXBuildFile; fileRef = B00000000000000000000020 /* PrivacyInfo.xcprivacy */; };
		C0000000000000000000001B /* QuotaGlanceWatchWidgetBundle.swift in Sources */ = {isa = PBXBuildFile; fileRef = B00000000000000000000021 /* QuotaGlanceWatchWidgetBundle.swift */; };
		C0000000000000000000001C /* QuotaGlanceComplication.swift in Sources */ = {isa = PBXBuildFile; fileRef = B00000000000000000000022 /* QuotaGlanceComplication.swift */; };
		C0000000000000000000001D /* PrivacyInfo.xcprivacy in Resources */ = {isa = PBXBuildFile; fileRef = B00000000000000000000025 /* PrivacyInfo.xcprivacy */; };
		C0000000000000000000001E /* QuotaGlanceTests.swift in Sources */ = {isa = PBXBuildFile; fileRef = B00000000000000000000026 /* QuotaGlanceTests.swift */; };
		C0000000000000000000001F /* Assets.xcassets in Resources */ = {isa = PBXBuildFile; fileRef = B00000000000000000000027 /* Assets.xcassets */; };
		C00000000000000000000020 /* Assets.xcassets in Resources */ = {isa = PBXBuildFile; fileRef = B00000000000000000000028 /* Assets.xcassets */; };
		C00000000000000000000021 /* Localizable.xcstrings in Resources */ = {isa = PBXBuildFile; fileRef = B00000000000000000000029 /* Localizable.xcstrings */; };
		C00000000000000000000022 /* Localizable.xcstrings in Resources */ = {isa = PBXBuildFile; fileRef = B00000000000000000000029 /* Localizable.xcstrings */; };
		C00000000000000000000023 /* Localizable.xcstrings in Resources */ = {isa = PBXBuildFile; fileRef = B00000000000000000000029 /* Localizable.xcstrings */; };
		C00000000000000000000024 /* Localizable.xcstrings in Resources */ = {isa = PBXBuildFile; fileRef = B00000000000000000000029 /* Localizable.xcstrings */; };
		C00000000000000000000030 /* QuotaGlanceCore in Frameworks */ = {isa = PBXBuildFile; productRef = K00000000000000000000002 /* QuotaGlanceCore */; };
		C00000000000000000000031 /* QuotaGlanceCore in Frameworks */ = {isa = PBXBuildFile; productRef = K00000000000000000000003 /* QuotaGlanceCore */; };
		C00000000000000000000032 /* QuotaGlanceCore in Frameworks */ = {isa = PBXBuildFile; productRef = K00000000000000000000004 /* QuotaGlanceCore */; };
		C00000000000000000000033 /* QuotaGlanceCore in Frameworks */ = {isa = PBXBuildFile; productRef = K00000000000000000000005 /* QuotaGlanceCore */; };
		C00000000000000000000034 /* QuotaGlanceCore in Frameworks */ = {isa = PBXBuildFile; productRef = K00000000000000000000006 /* QuotaGlanceCore */; };
		C00000000000000000000040 /* QuotaGlanceWidget.appex in Embed App Extensions */ = {isa = PBXBuildFile; fileRef = F00000000000000000000003 /* QuotaGlanceWidget.appex */; settings = {ATTRIBUTES = (RemoveHeadersOnCopy, ); }; };
		C00000000000000000000041 /* QuotaGlance Watch App.app in Embed Watch Content */ = {isa = PBXBuildFile; fileRef = F00000000000000000000002 /* QuotaGlance Watch App.app */; settings = {ATTRIBUTES = (RemoveHeadersOnCopy, ); }; };
		C00000000000000000000042 /* QuotaGlanceWatchWidget.appex in Embed App Extensions */ = {isa = PBXBuildFile; fileRef = F00000000000000000000004 /* QuotaGlanceWatchWidget.appex */; settings = {ATTRIBUTES = (RemoveHeadersOnCopy, ); }; };
		C00000000000000000000050 /* QuotaGlanceTheme.swift in Sources */ = {isa = PBXBuildFile; fileRef = B00000000000000000000030 /* QuotaGlanceTheme.swift */; };
		C00000000000000000000051 /* QuotaGlanceTheme.swift in Sources */ = {isa = PBXBuildFile; fileRef = B00000000000000000000030 /* QuotaGlanceTheme.swift */; };
		C00000000000000000000052 /* QuotaGlanceTheme.swift in Sources */ = {isa = PBXBuildFile; fileRef = B00000000000000000000030 /* QuotaGlanceTheme.swift */; };
		C00000000000000000000053 /* QuotaGlanceTheme.swift in Sources */ = {isa = PBXBuildFile; fileRef = B00000000000000000000030 /* QuotaGlanceTheme.swift */; };
		C00000000000000000000054 /* QuotaGlanceBrand.xcassets in Resources */ = {isa = PBXBuildFile; fileRef = B00000000000000000000031 /* QuotaGlanceBrand.xcassets */; };
		C00000000000000000000055 /* QuotaGlanceBrand.xcassets in Resources */ = {isa = PBXBuildFile; fileRef = B00000000000000000000031 /* QuotaGlanceBrand.xcassets */; };
		C00000000000000000000056 /* QuotaGlanceBrand.xcassets in Resources */ = {isa = PBXBuildFile; fileRef = B00000000000000000000031 /* QuotaGlanceBrand.xcassets */; };
		C00000000000000000000057 /* QuotaGlanceBrand.xcassets in Resources */ = {isa = PBXBuildFile; fileRef = B00000000000000000000031 /* QuotaGlanceBrand.xcassets */; };
/* End PBXBuildFile section */

/* Begin PBXContainerItemProxy section */
		I00000000000000000000001 = {isa = PBXContainerItemProxy; containerPortal = A00000000000000000000001 /* Project object */; proxyType = 1; remoteGlobalIDString = E00000000000000000000003; remoteInfo = QuotaGlanceWidget; };
		I00000000000000000000002 = {isa = PBXContainerItemProxy; containerPortal = A00000000000000000000001 /* Project object */; proxyType = 1; remoteGlobalIDString = E00000000000000000000002; remoteInfo = "QuotaGlance Watch App"; };
		I00000000000000000000003 = {isa = PBXContainerItemProxy; containerPortal = A00000000000000000000001 /* Project object */; proxyType = 1; remoteGlobalIDString = E00000000000000000000004; remoteInfo = QuotaGlanceWatchWidget; };
		I00000000000000000000004 = {isa = PBXContainerItemProxy; containerPortal = A00000000000000000000001 /* Project object */; proxyType = 1; remoteGlobalIDString = E00000000000000000000001; remoteInfo = QuotaGlance; };
/* End PBXContainerItemProxy section */

/* Begin PBXCopyFilesBuildPhase section */
		D00000000000000000000004 /* Embed App Extensions */ = {isa = PBXCopyFilesBuildPhase; buildActionMask = 2147483647; dstPath = ""; dstSubfolderSpec = 13; files = (C00000000000000000000040 /* QuotaGlanceWidget.appex in Embed App Extensions */, ); name = "Embed App Extensions"; runOnlyForDeploymentPostprocessing = 0; };
		D00000000000000000000005 /* Embed Watch Content */ = {isa = PBXCopyFilesBuildPhase; buildActionMask = 2147483647; dstPath = "$(CONTENTS_FOLDER_PATH)/Watch"; dstSubfolderSpec = 16; files = (C00000000000000000000041 /* QuotaGlance Watch App.app in Embed Watch Content */, ); name = "Embed Watch Content"; runOnlyForDeploymentPostprocessing = 0; };
		D00000000000000000000009 /* Embed App Extensions */ = {isa = PBXCopyFilesBuildPhase; buildActionMask = 2147483647; dstPath = ""; dstSubfolderSpec = 13; files = (C00000000000000000000042 /* QuotaGlanceWatchWidget.appex in Embed App Extensions */, ); name = "Embed App Extensions"; runOnlyForDeploymentPostprocessing = 0; };
/* End PBXCopyFilesBuildPhase section */

/* Begin PBXFileReference section */
		B00000000000000000000001 /* QuotaGlanceApp.swift */ = {isa = PBXFileReference; lastKnownFileType = sourcecode.swift; path = QuotaGlanceApp.swift; sourceTree = "<group>"; };
		B00000000000000000000002 /* AppEnvironment.swift */ = {isa = PBXFileReference; lastKnownFileType = sourcecode.swift; path = AppEnvironment.swift; sourceTree = "<group>"; };
		B00000000000000000000032 /* BackgroundRefreshScheduler.swift */ = {isa = PBXFileReference; lastKnownFileType = sourcecode.swift; path = BackgroundRefreshScheduler.swift; sourceTree = "<group>"; };
		B00000000000000000000033 /* AppReviewDemoView.swift */ = {isa = PBXFileReference; lastKnownFileType = sourcecode.swift; path = AppReviewDemoView.swift; sourceTree = "<group>"; };
		B00000000000000000000003 /* DashboardStore.swift */ = {isa = PBXFileReference; lastKnownFileType = sourcecode.swift; path = DashboardStore.swift; sourceTree = "<group>"; };
		B00000000000000000000004 /* DashboardView.swift */ = {isa = PBXFileReference; lastKnownFileType = sourcecode.swift; path = DashboardView.swift; sourceTree = "<group>"; };
		B00000000000000000000005 /* UsageCard.swift */ = {isa = PBXFileReference; lastKnownFileType = sourcecode.swift; path = UsageCard.swift; sourceTree = "<group>"; };
		B00000000000000000000006 /* SettingsView.swift */ = {isa = PBXFileReference; lastKnownFileType = sourcecode.swift; path = SettingsView.swift; sourceTree = "<group>"; };
		B00000000000000000000007 /* PreviewFactory.swift */ = {isa = PBXFileReference; lastKnownFileType = sourcecode.swift; path = PreviewFactory.swift; sourceTree = "<group>"; };
		B00000000000000000000008 /* OAuthCredential.swift */ = {isa = PBXFileReference; lastKnownFileType = sourcecode.swift; path = OAuthCredential.swift; sourceTree = "<group>"; };
		B00000000000000000000009 /* KeychainCredentialStore.swift */ = {isa = PBXFileReference; lastKnownFileType = sourcecode.swift; path = KeychainCredentialStore.swift; sourceTree = "<group>"; };
		B0000000000000000000000A /* OAuthPKCE.swift */ = {isa = PBXFileReference; lastKnownFileType = sourcecode.swift; path = OAuthPKCE.swift; sourceTree = "<group>"; };
		B0000000000000000000000B /* FormURLEncoder.swift */ = {isa = PBXFileReference; lastKnownFileType = sourcecode.swift; path = FormURLEncoder.swift; sourceTree = "<group>"; };
		B0000000000000000000000C /* LoopbackOAuthSession.swift */ = {isa = PBXFileReference; lastKnownFileType = sourcecode.swift; path = LoopbackOAuthSession.swift; sourceTree = "<group>"; };
		B0000000000000000000000D /* CodexUsageProvider.swift */ = {isa = PBXFileReference; lastKnownFileType = sourcecode.swift; path = CodexUsageProvider.swift; sourceTree = "<group>"; };
		B0000000000000000000000E /* ClaudeUsageProvider.swift */ = {isa = PBXFileReference; lastKnownFileType = sourcecode.swift; path = ClaudeUsageProvider.swift; sourceTree = "<group>"; };
		B0000000000000000000000F /* AppGroupSnapshotCache.swift */ = {isa = PBXFileReference; lastKnownFileType = sourcecode.swift; path = AppGroupSnapshotCache.swift; sourceTree = "<group>"; };
		B00000000000000000000010 /* PhoneWatchSync.swift */ = {isa = PBXFileReference; lastKnownFileType = sourcecode.swift; path = PhoneWatchSync.swift; sourceTree = "<group>"; };
		B00000000000000000000011 /* Info.plist */ = {isa = PBXFileReference; lastKnownFileType = text.plist.xml; path = Info.plist; sourceTree = "<group>"; };
		B00000000000000000000012 /* QuotaGlance.entitlements */ = {isa = PBXFileReference; lastKnownFileType = text.plist.entitlements; path = QuotaGlance.entitlements; sourceTree = "<group>"; };
		B00000000000000000000013 /* PrivacyInfo.xcprivacy */ = {isa = PBXFileReference; lastKnownFileType = text.xml; path = PrivacyInfo.xcprivacy; sourceTree = "<group>"; };
		B00000000000000000000014 /* QuotaGlanceWatchApp.swift */ = {isa = PBXFileReference; lastKnownFileType = sourcecode.swift; path = QuotaGlanceWatchApp.swift; sourceTree = "<group>"; };
		B00000000000000000000015 /* WatchDashboardStore.swift */ = {isa = PBXFileReference; lastKnownFileType = sourcecode.swift; path = WatchDashboardStore.swift; sourceTree = "<group>"; };
		B00000000000000000000016 /* WatchDashboardView.swift */ = {isa = PBXFileReference; lastKnownFileType = sourcecode.swift; path = WatchDashboardView.swift; sourceTree = "<group>"; };
		B00000000000000000000017 /* WatchSnapshotStore.swift */ = {isa = PBXFileReference; lastKnownFileType = sourcecode.swift; path = WatchSnapshotStore.swift; sourceTree = "<group>"; };
		B00000000000000000000018 /* WatchConnectivityReceiver.swift */ = {isa = PBXFileReference; lastKnownFileType = sourcecode.swift; path = WatchConnectivityReceiver.swift; sourceTree = "<group>"; };
		B00000000000000000000019 /* Info.plist */ = {isa = PBXFileReference; lastKnownFileType = text.plist.xml; path = Info.plist; sourceTree = "<group>"; };
		B0000000000000000000001A /* QuotaGlanceWatch.entitlements */ = {isa = PBXFileReference; lastKnownFileType = text.plist.entitlements; path = QuotaGlanceWatch.entitlements; sourceTree = "<group>"; };
		B0000000000000000000001B /* PrivacyInfo.xcprivacy */ = {isa = PBXFileReference; lastKnownFileType = text.xml; path = PrivacyInfo.xcprivacy; sourceTree = "<group>"; };
		B0000000000000000000001C /* QuotaGlanceWidgetBundle.swift */ = {isa = PBXFileReference; lastKnownFileType = sourcecode.swift; path = QuotaGlanceWidgetBundle.swift; sourceTree = "<group>"; };
		B0000000000000000000001D /* QuotaGlanceWidget.swift */ = {isa = PBXFileReference; lastKnownFileType = sourcecode.swift; path = QuotaGlanceWidget.swift; sourceTree = "<group>"; };
		B0000000000000000000001E /* Info.plist */ = {isa = PBXFileReference; lastKnownFileType = text.plist.xml; path = Info.plist; sourceTree = "<group>"; };
		B0000000000000000000001F /* QuotaGlanceWidget.entitlements */ = {isa = PBXFileReference; lastKnownFileType = text.plist.entitlements; path = QuotaGlanceWidget.entitlements; sourceTree = "<group>"; };
		B00000000000000000000020 /* PrivacyInfo.xcprivacy */ = {isa = PBXFileReference; lastKnownFileType = text.xml; path = PrivacyInfo.xcprivacy; sourceTree = "<group>"; };
		B00000000000000000000021 /* QuotaGlanceWatchWidgetBundle.swift */ = {isa = PBXFileReference; lastKnownFileType = sourcecode.swift; path = QuotaGlanceWatchWidgetBundle.swift; sourceTree = "<group>"; };
		B00000000000000000000022 /* QuotaGlanceComplication.swift */ = {isa = PBXFileReference; lastKnownFileType = sourcecode.swift; path = QuotaGlanceComplication.swift; sourceTree = "<group>"; };
		B00000000000000000000023 /* Info.plist */ = {isa = PBXFileReference; lastKnownFileType = text.plist.xml; path = Info.plist; sourceTree = "<group>"; };
		B00000000000000000000024 /* QuotaGlanceWatchWidget.entitlements */ = {isa = PBXFileReference; lastKnownFileType = text.plist.entitlements; path = QuotaGlanceWatchWidget.entitlements; sourceTree = "<group>"; };
		B00000000000000000000025 /* PrivacyInfo.xcprivacy */ = {isa = PBXFileReference; lastKnownFileType = text.xml; path = PrivacyInfo.xcprivacy; sourceTree = "<group>"; };
		B00000000000000000000026 /* QuotaGlanceTests.swift */ = {isa = PBXFileReference; lastKnownFileType = sourcecode.swift; path = QuotaGlanceTests.swift; sourceTree = "<group>"; };
		B00000000000000000000027 /* Assets.xcassets */ = {isa = PBXFileReference; lastKnownFileType = folder.assetcatalog; path = Assets.xcassets; sourceTree = "<group>"; };
		B00000000000000000000028 /* Assets.xcassets */ = {isa = PBXFileReference; lastKnownFileType = folder.assetcatalog; path = Assets.xcassets; sourceTree = "<group>"; };
		B0000000000000000000002B /* PurchaseManager.swift */ = {isa = PBXFileReference; lastKnownFileType = sourcecode.swift; path = PurchaseManager.swift; sourceTree = "<group>"; };
		B0000000000000000000002C /* UpgradeView.swift */ = {isa = PBXFileReference; lastKnownFileType = sourcecode.swift; path = UpgradeView.swift; sourceTree = "<group>"; };
		B0000000000000000000002D /* RestoreOperation.swift */ = {isa = PBXFileReference; lastKnownFileType = sourcecode.swift; path = RestoreOperation.swift; sourceTree = "<group>"; };
		B0000000000000000000002A /* AppLocalization.swift */ = {isa = PBXFileReference; lastKnownFileType = sourcecode.swift; path = AppLocalization.swift; sourceTree = "<group>"; };
		B00000000000000000000029 /* Localizable.xcstrings */ = {isa = PBXFileReference; lastKnownFileType = text.json.xcstrings; path = Localizable.xcstrings; sourceTree = "<group>"; };
		B00000000000000000000030 /* QuotaGlanceTheme.swift */ = {isa = PBXFileReference; lastKnownFileType = sourcecode.swift; path = QuotaGlanceTheme.swift; sourceTree = "<group>"; };
		B00000000000000000000031 /* QuotaGlanceBrand.xcassets */ = {isa = PBXFileReference; lastKnownFileType = folder.assetcatalog; path = QuotaGlanceBrand.xcassets; sourceTree = "<group>"; };
		F00000000000000000000001 /* QuotaGlance.app */ = {isa = PBXFileReference; explicitFileType = wrapper.application; includeInIndex = 0; path = QuotaGlance.app; sourceTree = BUILT_PRODUCTS_DIR; };
		F00000000000000000000002 /* QuotaGlance Watch App.app */ = {isa = PBXFileReference; explicitFileType = wrapper.application; includeInIndex = 0; path = "QuotaGlance Watch App.app"; sourceTree = BUILT_PRODUCTS_DIR; };
		F00000000000000000000003 /* QuotaGlanceWidget.appex */ = {isa = PBXFileReference; explicitFileType = wrapper.app-extension; includeInIndex = 0; path = QuotaGlanceWidget.appex; sourceTree = BUILT_PRODUCTS_DIR; };
		F00000000000000000000004 /* QuotaGlanceWatchWidget.appex */ = {isa = PBXFileReference; explicitFileType = wrapper.app-extension; includeInIndex = 0; path = QuotaGlanceWatchWidget.appex; sourceTree = BUILT_PRODUCTS_DIR; };
		F00000000000000000000005 /* QuotaGlanceTests.xctest */ = {isa = PBXFileReference; explicitFileType = wrapper.cfbundle; includeInIndex = 0; path = QuotaGlanceTests.xctest; sourceTree = BUILT_PRODUCTS_DIR; };
/* End PBXFileReference section */

/* Begin PBXFrameworksBuildPhase section */
		D00000000000000000000002 = {isa = PBXFrameworksBuildPhase; buildActionMask = 2147483647; files = (C00000000000000000000030 /* QuotaGlanceCore in Frameworks */, ); runOnlyForDeploymentPostprocessing = 0; };
		D00000000000000000000007 = {isa = PBXFrameworksBuildPhase; buildActionMask = 2147483647; files = (C00000000000000000000031 /* QuotaGlanceCore in Frameworks */, ); runOnlyForDeploymentPostprocessing = 0; };
		D0000000000000000000000B = {isa = PBXFrameworksBuildPhase; buildActionMask = 2147483647; files = (C00000000000000000000032 /* QuotaGlanceCore in Frameworks */, ); runOnlyForDeploymentPostprocessing = 0; };
		D0000000000000000000000E = {isa = PBXFrameworksBuildPhase; buildActionMask = 2147483647; files = (C00000000000000000000033 /* QuotaGlanceCore in Frameworks */, ); runOnlyForDeploymentPostprocessing = 0; };
		D00000000000000000000011 = {isa = PBXFrameworksBuildPhase; buildActionMask = 2147483647; files = (C00000000000000000000034 /* QuotaGlanceCore in Frameworks */, ); runOnlyForDeploymentPostprocessing = 0; };
/* End PBXFrameworksBuildPhase section */

/* Begin PBXGroup section */
		A00000000000000000000002 = {isa = PBXGroup; children = (B00000000000000000000029 /* Localizable.xcstrings */, A0000000000000000000000E /* SharedUI */, A00000000000000000000004 /* QuotaGlanceApp */, A00000000000000000000007 /* QuotaGlanceWatch */, A00000000000000000000009 /* QuotaGlanceWidget */, A0000000000000000000000B /* QuotaGlanceWatchWidget */, A0000000000000000000000D /* QuotaGlanceTests */, A00000000000000000000003 /* Products */, ); sourceTree = "<group>"; };
		A00000000000000000000003 /* Products */ = {isa = PBXGroup; children = (F00000000000000000000001 /* QuotaGlance.app */, F00000000000000000000002 /* QuotaGlance Watch App.app */, F00000000000000000000003 /* QuotaGlanceWidget.appex */, F00000000000000000000004 /* QuotaGlanceWatchWidget.appex */, F00000000000000000000005 /* QuotaGlanceTests.xctest */, ); name = Products; sourceTree = "<group>"; };
		A00000000000000000000004 /* QuotaGlanceApp */ = {isa = PBXGroup; children = (B00000000000000000000001, B00000000000000000000002, B00000000000000000000032 /* BackgroundRefreshScheduler.swift */, B00000000000000000000033 /* AppReviewDemoView.swift */, B0000000000000000000002B /* PurchaseManager.swift */, B0000000000000000000002C /* UpgradeView.swift */, B0000000000000000000002D /* RestoreOperation.swift */, B0000000000000000000002A /* AppLocalization.swift */, B00000000000000000000003, B00000000000000000000004, B00000000000000000000005, B00000000000000000000006, B00000000000000000000007, A00000000000000000000005 /* Services */, A00000000000000000000006 /* Resources */, ); path = QuotaGlanceApp; sourceTree = "<group>"; };
		A00000000000000000000005 /* Services */ = {isa = PBXGroup; children = (B00000000000000000000008, B00000000000000000000009, B0000000000000000000000A, B0000000000000000000000B, B0000000000000000000000C, B0000000000000000000000D, B0000000000000000000000E, B0000000000000000000000F, B00000000000000000000010, ); path = Services; sourceTree = "<group>"; };
		A00000000000000000000006 /* Resources */ = {isa = PBXGroup; children = (B00000000000000000000011, B00000000000000000000012, B00000000000000000000013, B00000000000000000000027 /* Assets.xcassets */, ); path = Resources; sourceTree = "<group>"; };
		A00000000000000000000007 /* QuotaGlanceWatch */ = {isa = PBXGroup; children = (B00000000000000000000014, B00000000000000000000015, B00000000000000000000016, B00000000000000000000017, B00000000000000000000018, A00000000000000000000008 /* Resources */, ); path = QuotaGlanceWatch; sourceTree = "<group>"; };
		A00000000000000000000008 /* Resources */ = {isa = PBXGroup; children = (B00000000000000000000019, B0000000000000000000001A, B0000000000000000000001B, B00000000000000000000028 /* Assets.xcassets */, ); path = Resources; sourceTree = "<group>"; };
		A00000000000000000000009 /* QuotaGlanceWidget */ = {isa = PBXGroup; children = (B0000000000000000000001C, B0000000000000000000001D, A0000000000000000000000A /* Resources */, ); path = QuotaGlanceWidget; sourceTree = "<group>"; };
		A0000000000000000000000A /* Resources */ = {isa = PBXGroup; children = (B0000000000000000000001E, B0000000000000000000001F, B00000000000000000000020, ); path = Resources; sourceTree = "<group>"; };
		A0000000000000000000000B /* QuotaGlanceWatchWidget */ = {isa = PBXGroup; children = (B00000000000000000000021, B00000000000000000000022, A0000000000000000000000C /* Resources */, ); path = QuotaGlanceWatchWidget; sourceTree = "<group>"; };
		A0000000000000000000000C /* Resources */ = {isa = PBXGroup; children = (B00000000000000000000023, B00000000000000000000024, B00000000000000000000025, ); path = Resources; sourceTree = "<group>"; };
		A0000000000000000000000D /* QuotaGlanceTests */ = {isa = PBXGroup; children = (B00000000000000000000026, ); path = QuotaGlanceTests; sourceTree = "<group>"; };
		A0000000000000000000000E /* SharedUI */ = {isa = PBXGroup; children = (B00000000000000000000030 /* QuotaGlanceTheme.swift */, A0000000000000000000000F /* Resources */, ); path = SharedUI; sourceTree = "<group>"; };
		A0000000000000000000000F /* Resources */ = {isa = PBXGroup; children = (B00000000000000000000031 /* QuotaGlanceBrand.xcassets */, ); path = Resources; sourceTree = "<group>"; };
/* End PBXGroup section */

/* Begin PBXNativeTarget section */
		E00000000000000000000001 /* QuotaGlance */ = {isa = PBXNativeTarget; buildConfigurationList = H00000000000000000000002; buildPhases = (D00000000000000000000001, D00000000000000000000002, D00000000000000000000003, D00000000000000000000004, D00000000000000000000005, ); buildRules = (); dependencies = (J00000000000000000000001, J00000000000000000000002, ); name = QuotaGlance; packageProductDependencies = (K00000000000000000000002, ); productName = QuotaGlance; productReference = F00000000000000000000001; productType = "com.apple.product-type.application"; };
		E00000000000000000000002 /* QuotaGlance Watch App */ = {isa = PBXNativeTarget; buildConfigurationList = H00000000000000000000003; buildPhases = (D00000000000000000000006, D00000000000000000000007, D00000000000000000000008, D00000000000000000000009, ); buildRules = (); dependencies = (J00000000000000000000003, ); name = "QuotaGlance Watch App"; packageProductDependencies = (K00000000000000000000003, ); productName = "QuotaGlance Watch App"; productReference = F00000000000000000000002; productType = "com.apple.product-type.application"; };
		E00000000000000000000003 /* QuotaGlanceWidget */ = {isa = PBXNativeTarget; buildConfigurationList = H00000000000000000000004; buildPhases = (D0000000000000000000000A, D0000000000000000000000B, D0000000000000000000000C, ); buildRules = (); dependencies = (); name = QuotaGlanceWidget; packageProductDependencies = (K00000000000000000000004, ); productName = QuotaGlanceWidget; productReference = F00000000000000000000003; productType = "com.apple.product-type.app-extension"; };
		E00000000000000000000004 /* QuotaGlanceWatchWidget */ = {isa = PBXNativeTarget; buildConfigurationList = H00000000000000000000005; buildPhases = (D0000000000000000000000D, D0000000000000000000000E, D0000000000000000000000F, ); buildRules = (); dependencies = (); name = QuotaGlanceWatchWidget; packageProductDependencies = (K00000000000000000000005, ); productName = QuotaGlanceWatchWidget; productReference = F00000000000000000000004; productType = "com.apple.product-type.app-extension"; };
		E00000000000000000000005 /* QuotaGlanceTests */ = {isa = PBXNativeTarget; buildConfigurationList = H00000000000000000000006; buildPhases = (D00000000000000000000010, D00000000000000000000011, D00000000000000000000012, ); buildRules = (); dependencies = (J00000000000000000000004, ); name = QuotaGlanceTests; packageProductDependencies = (K00000000000000000000006, ); productName = QuotaGlanceTests; productReference = F00000000000000000000005; productType = "com.apple.product-type.bundle.unit-test"; };
/* End PBXNativeTarget section */

/* Begin PBXProject section */
		A00000000000000000000001 /* Project object */ = {isa = PBXProject; attributes = {BuildIndependentTargetsInParallel = 1; LastSwiftUpdateCheck = 1600; LastUpgradeCheck = 1600; TargetAttributes = {E00000000000000000000001 = {CreatedOnToolsVersion = 16.0; SystemCapabilities = {com.apple.ApplicationGroups.iOS = {enabled = 1; }; com.apple.BackgroundModes = {enabled = 1; }; }; }; E00000000000000000000002 = {CreatedOnToolsVersion = 16.0; SystemCapabilities = {com.apple.ApplicationGroups.iOS = {enabled = 1; }; }; }; E00000000000000000000003 = {CreatedOnToolsVersion = 16.0; }; E00000000000000000000004 = {CreatedOnToolsVersion = 16.0; }; E00000000000000000000005 = {CreatedOnToolsVersion = 16.0; TestTargetID = E00000000000000000000001; }; }; }; buildConfigurationList = H00000000000000000000001; compatibilityVersion = "Xcode 16.0"; developmentRegion = en; hasScannedForEncodings = 0; knownRegions = (en, "zh-Hans", "zh-Hant", ja, ko, Base, ); mainGroup = A00000000000000000000002; minimizedProjectReferenceProxies = 1; packageReferences = (K00000000000000000000001, ); preferredProjectObjectVersion = 77; productRefGroup = A00000000000000000000003; projectDirPath = ""; projectRoot = ""; targets = (E00000000000000000000001, E00000000000000000000002, E00000000000000000000003, E00000000000000000000004, E00000000000000000000005, ); };
/* End PBXProject section */

/* Begin PBXResourcesBuildPhase section */
		D00000000000000000000003 = {isa = PBXResourcesBuildPhase; buildActionMask = 2147483647; files = (C00000000000000000000011, C0000000000000000000001F /* Assets.xcassets in Resources */, C00000000000000000000021 /* Localizable.xcstrings in Resources */, C00000000000000000000054 /* QuotaGlanceBrand.xcassets in Resources */, ); runOnlyForDeploymentPostprocessing = 0; };
		D00000000000000000000008 = {isa = PBXResourcesBuildPhase; buildActionMask = 2147483647; files = (C00000000000000000000017, C00000000000000000000020 /* Assets.xcassets in Resources */, C00000000000000000000022 /* Localizable.xcstrings in Resources */, C00000000000000000000055 /* QuotaGlanceBrand.xcassets in Resources */, ); runOnlyForDeploymentPostprocessing = 0; };
		D0000000000000000000000C = {isa = PBXResourcesBuildPhase; buildActionMask = 2147483647; files = (C0000000000000000000001A, C00000000000000000000023 /* Localizable.xcstrings in Resources */, C00000000000000000000056 /* QuotaGlanceBrand.xcassets in Resources */, ); runOnlyForDeploymentPostprocessing = 0; };
		D0000000000000000000000F = {isa = PBXResourcesBuildPhase; buildActionMask = 2147483647; files = (C0000000000000000000001D, C00000000000000000000024 /* Localizable.xcstrings in Resources */, C00000000000000000000057 /* QuotaGlanceBrand.xcassets in Resources */, ); runOnlyForDeploymentPostprocessing = 0; };
		D00000000000000000000012 = {isa = PBXResourcesBuildPhase; buildActionMask = 2147483647; files = (); runOnlyForDeploymentPostprocessing = 0; };
/* End PBXResourcesBuildPhase section */

/* Begin PBXSourcesBuildPhase section */
		D00000000000000000000001 = {isa = PBXSourcesBuildPhase; buildActionMask = 2147483647; files = (C00000000000000000000001, C00000000000000000000002, C00000000000000000000058 /* BackgroundRefreshScheduler.swift in Sources */, C00000000000000000000059 /* AppReviewDemoView.swift in Sources */, C00000000000000000000025 /* AppLocalization.swift in Sources */, C00000000000000000000026 /* PurchaseManager.swift in Sources */, C00000000000000000000027 /* UpgradeView.swift in Sources */, C00000000000000000000028 /* RestoreOperation.swift in Sources */, C00000000000000000000003, C00000000000000000000004, C00000000000000000000005, C00000000000000000000006, C00000000000000000000007, C00000000000000000000008, C00000000000000000000009, C0000000000000000000000A, C0000000000000000000000B, C0000000000000000000000C, C0000000000000000000000D, C0000000000000000000000E, C0000000000000000000000F, C00000000000000000000010, C00000000000000000000050 /* QuotaGlanceTheme.swift in Sources */, ); runOnlyForDeploymentPostprocessing = 0; };
		D00000000000000000000006 = {isa = PBXSourcesBuildPhase; buildActionMask = 2147483647; files = (C00000000000000000000012, C00000000000000000000013, C00000000000000000000014, C00000000000000000000015, C00000000000000000000016, C00000000000000000000051 /* QuotaGlanceTheme.swift in Sources */, ); runOnlyForDeploymentPostprocessing = 0; };
		D0000000000000000000000A = {isa = PBXSourcesBuildPhase; buildActionMask = 2147483647; files = (C00000000000000000000018, C00000000000000000000019, C00000000000000000000052 /* QuotaGlanceTheme.swift in Sources */, ); runOnlyForDeploymentPostprocessing = 0; };
		D0000000000000000000000D = {isa = PBXSourcesBuildPhase; buildActionMask = 2147483647; files = (C0000000000000000000001B, C0000000000000000000001C, C00000000000000000000053 /* QuotaGlanceTheme.swift in Sources */, ); runOnlyForDeploymentPostprocessing = 0; };
		D00000000000000000000010 = {isa = PBXSourcesBuildPhase; buildActionMask = 2147483647; files = (C0000000000000000000001E, ); runOnlyForDeploymentPostprocessing = 0; };
/* End PBXSourcesBuildPhase section */

/* Begin PBXTargetDependency section */
		J00000000000000000000001 = {isa = PBXTargetDependency; target = E00000000000000000000003 /* QuotaGlanceWidget */; targetProxy = I00000000000000000000001; };
		J00000000000000000000002 = {isa = PBXTargetDependency; target = E00000000000000000000002 /* QuotaGlance Watch App */; targetProxy = I00000000000000000000002; };
		J00000000000000000000003 = {isa = PBXTargetDependency; target = E00000000000000000000004 /* QuotaGlanceWatchWidget */; targetProxy = I00000000000000000000003; };
		J00000000000000000000004 = {isa = PBXTargetDependency; target = E00000000000000000000001 /* QuotaGlance */; targetProxy = I00000000000000000000004; };
/* End PBXTargetDependency section */

/* Begin XCBuildConfiguration section */
		G00000000000000000000001 /* Debug */ = {isa = XCBuildConfiguration; buildSettings = {ALWAYS_SEARCH_USER_PATHS = NO; CLANG_ENABLE_MODULES = YES; CLANG_ENABLE_OBJC_ARC = YES; COPY_PHASE_STRIP = NO; DEBUG_INFORMATION_FORMAT = dwarf; ENABLE_TESTABILITY = YES; GCC_C_LANGUAGE_STANDARD = gnu17; GCC_OPTIMIZATION_LEVEL = 0; ONLY_ACTIVE_ARCH = YES; SWIFT_ACTIVE_COMPILATION_CONDITIONS = "DEBUG $(inherited)"; SWIFT_OPTIMIZATION_LEVEL = "-Onone"; }; name = Debug; };
		G00000000000000000000002 /* Release */ = {isa = XCBuildConfiguration; buildSettings = {ALWAYS_SEARCH_USER_PATHS = NO; CLANG_ENABLE_MODULES = YES; CLANG_ENABLE_OBJC_ARC = YES; COPY_PHASE_STRIP = NO; DEBUG_INFORMATION_FORMAT = "dwarf-with-dsym"; GCC_C_LANGUAGE_STANDARD = gnu17; SWIFT_COMPILATION_MODE = wholemodule; VALIDATE_PRODUCT = YES; }; name = Release; };
		G00000000000000000000003 /* Debug */ = {isa = XCBuildConfiguration; buildSettings = {ASSETCATALOG_COMPILER_APPICON_NAME = AppIcon; CODE_SIGN_ENTITLEMENTS = QuotaGlanceApp/Resources/QuotaGlance.entitlements; CODE_SIGN_STYLE = Automatic; CURRENT_PROJECT_VERSION = 1; GENERATE_INFOPLIST_FILE = NO; INFOPLIST_FILE = QuotaGlanceApp/Resources/Info.plist; IPHONEOS_DEPLOYMENT_TARGET = 18.0; LD_RUNPATH_SEARCH_PATHS = ("$(inherited)", "@executable_path/Frameworks", ); MARKETING_VERSION = 1.0; PRODUCT_BUNDLE_IDENTIFIER = com.songlabs.QuotaGlance; PRODUCT_NAME = "$(TARGET_NAME)"; SDKROOT = iphoneos; SUPPORTED_PLATFORMS = "iphoneos iphonesimulator"; SWIFT_EMIT_LOC_STRINGS = YES; SWIFT_VERSION = 6.0; TARGETED_DEVICE_FAMILY = "1,2"; }; name = Debug; };
		G00000000000000000000004 /* Release */ = {isa = XCBuildConfiguration; buildSettings = {ASSETCATALOG_COMPILER_APPICON_NAME = AppIcon; CODE_SIGN_ENTITLEMENTS = QuotaGlanceApp/Resources/QuotaGlance.entitlements; CODE_SIGN_IDENTITY = "Apple Distribution"; CODE_SIGN_STYLE = Manual; CURRENT_PROJECT_VERSION = 1; DEVELOPMENT_TEAM = JCABFH9F66; GENERATE_INFOPLIST_FILE = NO; INFOPLIST_FILE = QuotaGlanceApp/Resources/Info.plist; PROVISIONING_PROFILE_SPECIFIER = "QuotaGlance App Store"; IPHONEOS_DEPLOYMENT_TARGET = 18.0; LD_RUNPATH_SEARCH_PATHS = ("$(inherited)", "@executable_path/Frameworks", ); MARKETING_VERSION = 1.0; PRODUCT_BUNDLE_IDENTIFIER = com.songlabs.QuotaGlance; PRODUCT_NAME = "$(TARGET_NAME)"; SDKROOT = iphoneos; SUPPORTED_PLATFORMS = "iphoneos iphonesimulator"; SWIFT_EMIT_LOC_STRINGS = YES; SWIFT_VERSION = 6.0; TARGETED_DEVICE_FAMILY = "1,2"; }; name = Release; };
		G00000000000000000000005 /* Debug */ = {isa = XCBuildConfiguration; buildSettings = {ASSETCATALOG_COMPILER_APPICON_NAME = AppIcon; CODE_SIGN_ENTITLEMENTS = QuotaGlanceWatch/Resources/QuotaGlanceWatch.entitlements; CODE_SIGN_STYLE = Automatic; CURRENT_PROJECT_VERSION = 1; GENERATE_INFOPLIST_FILE = NO; INFOPLIST_FILE = QuotaGlanceWatch/Resources/Info.plist; LD_RUNPATH_SEARCH_PATHS = ("$(inherited)", "@executable_path/Frameworks", ); MARKETING_VERSION = 1.0; PRODUCT_BUNDLE_IDENTIFIER = com.songlabs.QuotaGlance.watchkitapp; PRODUCT_NAME = "$(TARGET_NAME)"; SDKROOT = watchos; SKIP_INSTALL = YES; SUPPORTED_PLATFORMS = "watchos watchsimulator"; SWIFT_EMIT_LOC_STRINGS = YES; SWIFT_VERSION = 6.0; TARGETED_DEVICE_FAMILY = 4; WATCHOS_DEPLOYMENT_TARGET = 11.0; }; name = Debug; };
		G00000000000000000000006 /* Release */ = {isa = XCBuildConfiguration; buildSettings = {ASSETCATALOG_COMPILER_APPICON_NAME = AppIcon; CODE_SIGN_ENTITLEMENTS = QuotaGlanceWatch/Resources/QuotaGlanceWatch.entitlements; CODE_SIGN_IDENTITY = "Apple Distribution"; CODE_SIGN_STYLE = Manual; CURRENT_PROJECT_VERSION = 1; DEVELOPMENT_TEAM = JCABFH9F66; GENERATE_INFOPLIST_FILE = NO; INFOPLIST_FILE = QuotaGlanceWatch/Resources/Info.plist; PROVISIONING_PROFILE_SPECIFIER = "QuotaGlance Watch App Store"; LD_RUNPATH_SEARCH_PATHS = ("$(inherited)", "@executable_path/Frameworks", ); MARKETING_VERSION = 1.0; PRODUCT_BUNDLE_IDENTIFIER = com.songlabs.QuotaGlance.watchkitapp; PRODUCT_NAME = "$(TARGET_NAME)"; SDKROOT = watchos; SKIP_INSTALL = YES; SUPPORTED_PLATFORMS = "watchos watchsimulator"; SWIFT_EMIT_LOC_STRINGS = YES; SWIFT_VERSION = 6.0; TARGETED_DEVICE_FAMILY = 4; WATCHOS_DEPLOYMENT_TARGET = 11.0; }; name = Release; };
		G00000000000000000000007 /* Debug */ = {isa = XCBuildConfiguration; buildSettings = {APPLICATION_EXTENSION_API_ONLY = YES; CODE_SIGN_ENTITLEMENTS = QuotaGlanceWidget/Resources/QuotaGlanceWidget.entitlements; CODE_SIGN_STYLE = Automatic; CURRENT_PROJECT_VERSION = 1; GENERATE_INFOPLIST_FILE = NO; INFOPLIST_FILE = QuotaGlanceWidget/Resources/Info.plist; IPHONEOS_DEPLOYMENT_TARGET = 18.0; LD_RUNPATH_SEARCH_PATHS = ("$(inherited)", "@executable_path/../../Frameworks", ); MARKETING_VERSION = 1.0; PRODUCT_BUNDLE_IDENTIFIER = com.songlabs.QuotaGlance.widget; PRODUCT_NAME = "$(TARGET_NAME)"; SDKROOT = iphoneos; SKIP_INSTALL = YES; SUPPORTED_PLATFORMS = "iphoneos iphonesimulator"; SWIFT_VERSION = 6.0; TARGETED_DEVICE_FAMILY = "1,2"; }; name = Debug; };
		G00000000000000000000008 /* Release */ = {isa = XCBuildConfiguration; buildSettings = {APPLICATION_EXTENSION_API_ONLY = YES; CODE_SIGN_ENTITLEMENTS = QuotaGlanceWidget/Resources/QuotaGlanceWidget.entitlements; CODE_SIGN_IDENTITY = "Apple Distribution"; CODE_SIGN_STYLE = Manual; CURRENT_PROJECT_VERSION = 1; DEVELOPMENT_TEAM = JCABFH9F66; GENERATE_INFOPLIST_FILE = NO; INFOPLIST_FILE = QuotaGlanceWidget/Resources/Info.plist; PROVISIONING_PROFILE_SPECIFIER = "QuotaGlance Widget App Store"; IPHONEOS_DEPLOYMENT_TARGET = 18.0; LD_RUNPATH_SEARCH_PATHS = ("$(inherited)", "@executable_path/../../Frameworks", ); MARKETING_VERSION = 1.0; PRODUCT_BUNDLE_IDENTIFIER = com.songlabs.QuotaGlance.widget; PRODUCT_NAME = "$(TARGET_NAME)"; SDKROOT = iphoneos; SKIP_INSTALL = YES; SUPPORTED_PLATFORMS = "iphoneos iphonesimulator"; SWIFT_VERSION = 6.0; TARGETED_DEVICE_FAMILY = "1,2"; }; name = Release; };
		G00000000000000000000009 /* Debug */ = {isa = XCBuildConfiguration; buildSettings = {APPLICATION_EXTENSION_API_ONLY = YES; CODE_SIGN_ENTITLEMENTS = QuotaGlanceWatchWidget/Resources/QuotaGlanceWatchWidget.entitlements; CODE_SIGN_STYLE = Automatic; CURRENT_PROJECT_VERSION = 1; GENERATE_INFOPLIST_FILE = NO; INFOPLIST_FILE = QuotaGlanceWatchWidget/Resources/Info.plist; LD_RUNPATH_SEARCH_PATHS = ("$(inherited)", "@executable_path/../../Frameworks", ); MARKETING_VERSION = 1.0; PRODUCT_BUNDLE_IDENTIFIER = com.songlabs.QuotaGlance.watchkitapp.widget; PRODUCT_NAME = "$(TARGET_NAME)"; SDKROOT = watchos; SKIP_INSTALL = YES; SUPPORTED_PLATFORMS = "watchos watchsimulator"; SWIFT_VERSION = 6.0; TARGETED_DEVICE_FAMILY = 4; WATCHOS_DEPLOYMENT_TARGET = 11.0; }; name = Debug; };
		G0000000000000000000000A /* Release */ = {isa = XCBuildConfiguration; buildSettings = {APPLICATION_EXTENSION_API_ONLY = YES; CODE_SIGN_ENTITLEMENTS = QuotaGlanceWatchWidget/Resources/QuotaGlanceWatchWidget.entitlements; CODE_SIGN_IDENTITY = "Apple Distribution"; CODE_SIGN_STYLE = Manual; CURRENT_PROJECT_VERSION = 1; DEVELOPMENT_TEAM = JCABFH9F66; GENERATE_INFOPLIST_FILE = NO; INFOPLIST_FILE = QuotaGlanceWatchWidget/Resources/Info.plist; PROVISIONING_PROFILE_SPECIFIER = "QuotaGlance Watch Widget App Store"; LD_RUNPATH_SEARCH_PATHS = ("$(inherited)", "@executable_path/../../Frameworks", ); MARKETING_VERSION = 1.0; PRODUCT_BUNDLE_IDENTIFIER = com.songlabs.QuotaGlance.watchkitapp.widget; PRODUCT_NAME = "$(TARGET_NAME)"; SDKROOT = watchos; SKIP_INSTALL = YES; SUPPORTED_PLATFORMS = "watchos watchsimulator"; SWIFT_VERSION = 6.0; TARGETED_DEVICE_FAMILY = 4; WATCHOS_DEPLOYMENT_TARGET = 11.0; }; name = Release; };
		G0000000000000000000000B /* Debug */ = {isa = XCBuildConfiguration; buildSettings = {BUNDLE_LOADER = "$(TEST_HOST)"; CODE_SIGN_STYLE = Automatic; CURRENT_PROJECT_VERSION = 1; GENERATE_INFOPLIST_FILE = YES; IPHONEOS_DEPLOYMENT_TARGET = 18.0; MARKETING_VERSION = 1.0; PRODUCT_BUNDLE_IDENTIFIER = com.songlabs.QuotaGlanceTests; PRODUCT_NAME = "$(TARGET_NAME)"; SDKROOT = iphoneos; SUPPORTED_PLATFORMS = "iphoneos iphonesimulator"; SWIFT_VERSION = 6.0; TARGETED_DEVICE_FAMILY = "1,2"; TEST_HOST = "$(BUILT_PRODUCTS_DIR)/QuotaGlance.app/$(BUNDLE_EXECUTABLE_FOLDER_PATH)/QuotaGlance"; }; name = Debug; };
		G0000000000000000000000C /* Release */ = {isa = XCBuildConfiguration; buildSettings = {BUNDLE_LOADER = "$(TEST_HOST)"; CODE_SIGN_STYLE = Automatic; CURRENT_PROJECT_VERSION = 1; GENERATE_INFOPLIST_FILE = YES; IPHONEOS_DEPLOYMENT_TARGET = 18.0; MARKETING_VERSION = 1.0; PRODUCT_BUNDLE_IDENTIFIER = com.songlabs.QuotaGlanceTests; PRODUCT_NAME = "$(TARGET_NAME)"; SDKROOT = iphoneos; SUPPORTED_PLATFORMS = "iphoneos iphonesimulator"; SWIFT_VERSION = 6.0; TARGETED_DEVICE_FAMILY = "1,2"; TEST_HOST = "$(BUILT_PRODUCTS_DIR)/QuotaGlance.app/$(BUNDLE_EXECUTABLE_FOLDER_PATH)/QuotaGlance"; }; name = Release; };
/* End XCBuildConfiguration section */

/* Begin XCConfigurationList section */
		H00000000000000000000001 = {isa = XCConfigurationList; buildConfigurations = (G00000000000000000000001, G00000000000000000000002, ); defaultConfigurationIsVisible = 0; defaultConfigurationName = Release; };
		H00000000000000000000002 = {isa = XCConfigurationList; buildConfigurations = (G00000000000000000000003, G00000000000000000000004, ); defaultConfigurationIsVisible = 0; defaultConfigurationName = Release; };
		H00000000000000000000003 = {isa = XCConfigurationList; buildConfigurations = (G00000000000000000000005, G00000000000000000000006, ); defaultConfigurationIsVisible = 0; defaultConfigurationName = Release; };
		H00000000000000000000004 = {isa = XCConfigurationList; buildConfigurations = (G00000000000000000000007, G00000000000000000000008, ); defaultConfigurationIsVisible = 0; defaultConfigurationName = Release; };
		H00000000000000000000005 = {isa = XCConfigurationList; buildConfigurations = (G00000000000000000000009, G0000000000000000000000A, ); defaultConfigurationIsVisible = 0; defaultConfigurationName = Release; };
		H00000000000000000000006 = {isa = XCConfigurationList; buildConfigurations = (G0000000000000000000000B, G0000000000000000000000C, ); defaultConfigurationIsVisible = 0; defaultConfigurationName = Release; };
/* End XCConfigurationList section */

/* Begin XCLocalSwiftPackageReference section */
		K00000000000000000000001 /* XCLocalSwiftPackageReference "." */ = {isa = XCLocalSwiftPackageReference; relativePath = .; };
/* End XCLocalSwiftPackageReference section */

/* Begin XCSwiftPackageProductDependency section */
		K00000000000000000000002 /* QuotaGlanceCore */ = {isa = XCSwiftPackageProductDependency; package = K00000000000000000000001; productName = QuotaGlanceCore; };
		K00000000000000000000003 /* QuotaGlanceCore */ = {isa = XCSwiftPackageProductDependency; package = K00000000000000000000001; productName = QuotaGlanceCore; };
		K00000000000000000000004 /* QuotaGlanceCore */ = {isa = XCSwiftPackageProductDependency; package = K00000000000000000000001; productName = QuotaGlanceCore; };
		K00000000000000000000005 /* QuotaGlanceCore */ = {isa = XCSwiftPackageProductDependency; package = K00000000000000000000001; productName = QuotaGlanceCore; };
		K00000000000000000000006 /* QuotaGlanceCore */ = {isa = XCSwiftPackageProductDependency; package = K00000000000000000000001; productName = QuotaGlanceCore; };
/* End XCSwiftPackageProductDependency section */
	};
	rootObject = A00000000000000000000001 /* Project object */;
}
